
Microsoft Visual Studio Solution File, Format Version 11.00
# Visual Studio 2010
Project("{FAE04EC0-301F-11D3-BF4B-00C04F79EFBC}") = "socket-client", "socket-client\socket-client.csproj", "{52732CA5-31B9-4EB4-A30B-334AACEA415A}"
EndProject
Global
	GlobalSection(SolutionConfigurationPlatforms) = preSolution
		Debug|x86 = Debug|x86
		Release|x86 = Release|x86
	EndGlobalSection
	GlobalSection(ProjectConfigurationPlatforms) = postSolution
		{52732CA5-31B9-4EB4-A30B-334AACEA415A}.Debug|x86.ActiveCfg = Debug|x86
		{52732CA5-31B9-4EB4-A30B-334AACEA415A}.Debug|x86.Build.0 = Debug|x86
		{52732CA5-31B9-4EB4-A30B-334AACEA415A}.Release|x86.ActiveCfg = Release|x86
		{52732CA5-31B9-4EB4-A30B-334AACEA415A}.Release|x86.Build.0 = Release|x86
	EndGlobalSection
	GlobalSection(SolutionProperties) = preSolution
		HideSolutionNode = FALSE
	EndGlobalSection
EndGlobal
